
Microsoft Visual Studio Solution File, Format Version 12.00
# Visual Studio Version 17
VisualStudioVersion = 17.14.36705.20 d17.14
MinimumVisualStudioVersion = 10.0.40219.1
Project("{FAE04EC0-301F-11D3-BF4B-00C04F79EFBC}") = "GtcTool", "GtcTool\GtcTool.csproj", "{F4B6BB0B-36B6-4210-B130-9DF46F94B3B2}"
EndProject
Global
	GlobalSection(SolutionConfigurationPlatforms) = preSolution
		Debug|Any CPU = Debug|Any CPU
		Release|Any CPU = Release|Any CPU
	EndGlobalSection
	GlobalSection(ProjectConfigurationPlatforms) = postSolution
		{F4B6BB0B-36B6-4210-B130-9DF46F94B3B2}.Debug|Any CPU.ActiveCfg = Debug|Any CPU
		{F4B6BB0B-36B6-4210-B130-9DF46F94B3B2}.Debug|Any CPU.Build.0 = Debug|Any CPU
		{F4B6BB0B-36B6-4210-B130-9DF46F94B3B2}.Release|Any CPU.ActiveCfg = Release|Any CPU
		{F4B6BB0B-36B6-4210-B130-9DF46F94B3B2}.Release|Any CPU.Build.0 = Release|Any CPU
	EndGlobalSection
	GlobalSection(SolutionProperties) = preSolution
		HideSolutionNode = FALSE
	EndGlobalSection
	GlobalSection(ExtensibilityGlobals) = postSolution
		SolutionGuid = {D24E2177-6811-4915-85EE-FE589F54E69A}
	EndGlobalSection
EndGlobal
